
Microsoft Visual Studio Solution File, Format Version 12.00
# Visual Studio Version 17
VisualStudioVersion = 17.8.34408.163
MinimumVisualStudioVersion = 10.0.40219.1
Project("{FAE04EC0-301F-11D3-BF4B-00C04F79EFBC}") = "StudentGradesSystem", "StudentGradesSystem\StudentGradesSystem.csproj", "{B5BA639F-9606-459B-8F2F-C41A7480460A}"
EndProject
Global
	GlobalSection(SolutionConfigurationPlatforms) = preSolution
		Debug|Any CPU = Debug|Any CPU
		Release|Any CPU = Release|Any CPU
	EndGlobalSection
	GlobalSection(ProjectConfigurationPlatforms) = postSolution
		{B5BA639F-9606-459B-8F2F-C41A7480460A}.Debug|Any CPU.ActiveCfg = Debug|Any CPU
		{B5BA639F-9606-459B-8F2F-C41A7480460A}.Debug|Any CPU.Build.0 = Debug|Any CPU
		{B5BA639F-9606-459B-8F2F-C41A7480460A}.Release|Any CPU.ActiveCfg = Release|Any CPU
		{B5BA639F-9606-459B-8F2F-C41A7480460A}.Release|Any CPU.Build.0 = Release|Any CPU
	EndGlobalSection
	GlobalSection(SolutionProperties) = preSolution
		HideSolutionNode = FALSE
	EndGlobalSection
	GlobalSection(ExtensibilityGlobals) = postSolution
		SolutionGuid = {3C95F4BC-C2C4-471E-A832-FC335187C11C}
	EndGlobalSection
EndGlobal
